{
  "name": "@anio-software/enkore-private.target-js-factory",
  "version": "0.0.369",
  "lockfileVersion": 3,
  "requires": true,
  "packages": {
    "": {
      "name": "@anio-software/enkore-private.target-js-factory",
      "version": "0.0.369",
      "license": "MIT",
      "devDependencies": {
        "@anio-software/enkore": "^0.0.175-canary-2198286c-99c78c59",
        "@anio-software/enkore-private.debug": "^0.0.7",
        "@anio-software/enkore-private.spec": "^0.390.1",
        "@anio-software/enkore-private.target-js-toolchain_types": "^0.0.77",
        "@anio-software/enkore-private.target-js-utils": "^0.0.13",
        "@anio-software/enkore.core": "^0.11.22-canary-5564f69f-71984fdf",
        "@anio-software/enkore.target-js-node": "^0.0.321-canary-d014c223-06d4ade7",
        "@anio-software/pkg.is": "^0.0.3",
        "@anio-software/pkg.js-utils": "^0.0.2",
        "@anio-software/pkg.node-fs": "^0.0.3",
        "@anio-software/pkg.temporary-resource-factory": "^0.0.1"
      }
    },
    "node_modules/@anio-software/enkore": {
      "version": "0.0.175-canary-2198286c-99c78c59",
      "resolved": "https://npm-registry.anio.software/@anio-software/enkore/-/enkore-0.0.175-canary-2198286c-99c78c59.tgz",
      "integrity": "sha512-zozNmBiVWkSE90Fg7yOhUlk/D0pzJJtTRLTlHeVtfDP0XIq435pfczG/E9qmrFToxDgyjL2ULDk+cuObyDGj/w==",
      "dev": true,
      "license": "MIT",
      "bin": {
        "enkore": "bin/enkore.mjs"
      },
      "engines": {
        "node": ">=23.6.x"
      }
    },
    "node_modules/@anio-software/enkore-private.debug": {
      "version": "0.0.7",
      "resolved": "https://npm-registry.anio.software/@anio-software/enkore-private.debug/-/enkore-private.debug-0.0.7.tgz",
      "integrity": "sha512-wR4a6gQYA75EIaCqCI1pEZQDeCkPmt4fr+PRNeMz8QHaP2l0iH+z4rXEE6BTKIxbAWHPZxmNi7nkOUzj6Jk90A==",
      "dev": true,
      "license": "MIT"
    },
    "node_modules/@anio-software/enkore-private.spec": {
      "version": "0.390.1",
      "resolved": "https://npm-registry.anio.software/@anio-software/enkore-private.spec/-/enkore-private.spec-0.390.1.tgz",
      "integrity": "sha512-08l2buA9fnLAuguZnSEvQ+FOM4b3K87xsE0Lg9uhx+fI/qGH4CukUUevhWzWxKtONjzUahMNIQ6qS28HaL/ZfQ==",
      "dev": true,
      "license": "MIT",
      "engines": {
        "node": ">=23.6.x"
      }
    },
    "node_modules/@anio-software/enkore-private.target-js-toolchain_types": {
      "version": "0.0.77",
      "resolved": "https://npm-registry.anio.software/@anio-software/enkore-private.target-js-toolchain_types/-/enkore-private.target-js-toolchain_types-0.0.77.tgz",
      "integrity": "sha512-ohcBr4Ymd/mu+4y0GBiMIcO6P5yL2fWz7SAQYgoTWZUPSkAWaIFrF1QWDdmQtGfUvJrGMlddLjwkcxOoK98i7w==",
      "dev": true,
      "license": "MIT",
      "engines": {
        "node": ">=23.6.x"
      }
    },
    "node_modules/@anio-software/enkore-private.target-js-utils": {
      "version": "0.0.13",
      "resolved": "https://npm-registry.anio.software/@anio-software/enkore-private.target-js-utils/-/enkore-private.target-js-utils-0.0.13.tgz",
      "integrity": "sha512-sJLL+DBy23yTqxeVMOiRR+yjlsSOdQk857rR2cj5k8JStSnkPbIbIICZWK5ZZ59cLUNpQnMSVhpZ6sZe5keChQ==",
      "dev": true,
      "license": "MIT",
      "engines": {
        "node": ">=23.6.x"
      },
      "peerDependencies": {
        "@types/node": ">=22.7.x"
      }
    },
    "node_modules/@anio-software/enkore.core": {
      "version": "0.11.22-canary-5564f69f-71984fdf",
      "resolved": "https://npm-registry.anio.software/@anio-software/enkore.core/-/enkore.core-0.11.22-canary-5564f69f-71984fdf.tgz",
      "integrity": "sha512-nS1tc9haDwslJgG68ZWZjsOGFxBw4yIx87sSps3lm/+xEJ+XUk5uSJiIAqI/lvTXlg05/CBH7Y1JCJe/16NSMg==",
      "dev": true,
      "license": "MIT",
      "engines": {
        "node": ">=23.6.x"
      }
    },
    "node_modules/@anio-software/enkore.js-runtime": {
      "version": "0.0.12",
      "resolved": "https://npm-registry.anio.software/@anio-software/enkore.js-runtime/-/enkore.js-runtime-0.0.12.tgz",
      "integrity": "sha512-xUROkJp0fq5y9SoRk6/r8FfD7owiJDKLjzkmi3ur1AUoCfjWzcM2i2cdvkrPTkjN0Zb49OuXrm9e+cDwjgEn5w==",
      "dev": true,
      "license": "MIT",
      "peer": true,
      "engines": {
        "node": ">=23.6.x"
      }
    },
    "node_modules/@anio-software/enkore.target-js-node": {
      "version": "0.0.321-canary-d014c223-06d4ade7",
      "resolved": "https://npm-registry.anio.software/@anio-software/enkore.target-js-node/-/enkore.target-js-node-0.0.321-canary-d014c223-06d4ade7.tgz",
      "integrity": "sha512-p7mtJ0en8PX6Wgg4LlPyN0YH4s0D8pU11S9JC3iZEcUK2WIEPD0JJHZogKUPxzIdVfmKh2NlPXZ8tbD6sW6+zQ==",
      "dev": true,
      "license": "MIT",
      "peerDependencies": {
        "@anio-software/enkore.js-runtime": ">=0.0.12",
        "@types/node": ">=22.7.x"
      }
    },
    "node_modules/@anio-software/pkg.is": {
      "version": "0.0.3",
      "resolved": "https://npm-registry.anio.software/@anio-software/pkg.is/-/pkg.is-0.0.3.tgz",
      "integrity": "sha512-ju+dqt0AGAHzE7L3cB3LAD0cUx0zN0W3q1b4cHF4mcJZe6R9U8JCTaDSr2zRGBJQq25LIeN3SGvLHZamBN5C1g==",
      "dev": true,
      "license": "MIT"
    },
    "node_modules/@anio-software/pkg.js-utils": {
      "version": "0.0.2",
      "resolved": "https://npm-registry.anio.software/@anio-software/pkg.js-utils/-/pkg.js-utils-0.0.2.tgz",
      "integrity": "sha512-lavNHVNQlfTklVjKRlpJ870tTSiSzHm0eEUHX29SpZdY9wP4BH6LaiHCneXm6ol0/gEbzBSFwE5hfs8zoGEEzg==",
      "dev": true,
      "license": "MIT",
      "engines": {
        "node": ">=23.6.x"
      }
    },
    "node_modules/@anio-software/pkg.node-fs": {
      "version": "0.0.3",
      "resolved": "https://npm-registry.anio.software/@anio-software/pkg.node-fs/-/pkg.node-fs-0.0.3.tgz",
      "integrity": "sha512-ZLLDSYLII9kCDS4y0RimNtrcWQzK+9JiPHNRUW5lHvHxGs/IE/AYoNt9e0/+vIgDV11JbwmtGtKv8m88SsH13g==",
      "dev": true,
      "license": "MIT",
      "engines": {
        "node": ">=23.6.x"
      }
    },
    "node_modules/@anio-software/pkg.temporary-resource-factory": {
      "version": "0.0.1",
      "resolved": "https://npm-registry.anio.software/@anio-software/pkg.temporary-resource-factory/-/pkg.temporary-resource-factory-0.0.1.tgz",
      "integrity": "sha512-RoOcZxZbVdcdidO+AvBLeVs1Z8EAmECSoph7ZvkOAuASyQfZmGw92P1dt4TmWP/NnqdTMLYvvOhf3l8U+LBeiw==",
      "dev": true,
      "license": "MIT",
      "engines": {
        "node": ">=23.6.x"
      }
    },
    "node_modules/@types/node": {
      "version": "24.0.3",
      "resolved": "https://registry.npmjs.org/@types/node/-/node-24.0.3.tgz",
      "integrity": "sha512-R4I/kzCYAdRLzfiCabn9hxWfbuHS573x+r0dJMkkzThEa7pbrcDWK+9zu3e7aBOouf+rQAciqPFMnxwr0aWgKg==",
      "dev": true,
      "license": "MIT",
      "peer": true,
      "dependencies": {
        "undici-types": "~7.8.0"
      }
    },
    "node_modules/undici-types": {
      "version": "7.8.0",
      "resolved": "https://registry.npmjs.org/undici-types/-/undici-types-7.8.0.tgz",
      "integrity": "sha512-9UJ2xGDvQ43tYyVMpuHlsgApydB8ZKfVYTsLDhXkFL/6gfkp+U8xTGdh8pMJv1SpZna0zxG1DwsKZsreLbXBxw==",
      "dev": true,
      "license": "MIT",
      "peer": true
    }
  }
}
