{
  "name": "@anio-software/enkore-private.target-js-factory",
  "version": "0.0.257",
  "lockfileVersion": 3,
  "requires": true,
  "packages": {
    "": {
      "name": "@anio-software/enkore-private.target-js-factory",
      "version": "0.0.257",
      "license": "MIT",
      "devDependencies": {
        "@anio-software/enkore": "^0.0.91",
        "@anio-software/enkore-private.debug": "^0.0.7",
        "@anio-software/enkore-private.spec": "^0.337.0",
        "@anio-software/enkore-private.target-js-toolchain_types": "^0.0.55",
        "@anio-software/enkore-private.target-js-utils": "^0.0.12",
        "@anio-software/enkore.core": "^0.11.2",
        "@anio-software/enkore.target-js-node": "^0.0.234-canary-22850f2c-c343c317",
        "@anio-software/pkg.is": "^0.0.3",
        "@anio-software/pkg.temporary-resource-factory": "^0.0.1",
        "@aniojs/node-fs": "^0.5.3"
      }
    },
    "node_modules/@anio-software/enkore": {
      "version": "0.0.91",
      "resolved": "https://npm-registry.anio.software/@anio-software/enkore/-/enkore-0.0.91.tgz",
      "integrity": "sha512-UG5JyZ32vnUdnSnnRHcDIZXbF77fX9NRfUJXt9SQA9Ril5/G9ky8JjmyLlIYxIeS2sRpuf/u86jBfYI5KC35ZQ==",
      "dev": true,
      "license": "MIT",
      "bin": {
        "enkore": "cli.mjs"
      }
    },
    "node_modules/@anio-software/enkore-private.debug": {
      "version": "0.0.7",
      "resolved": "https://npm-registry.anio.software/@anio-software/enkore-private.debug/-/enkore-private.debug-0.0.7.tgz",
      "integrity": "sha512-wR4a6gQYA75EIaCqCI1pEZQDeCkPmt4fr+PRNeMz8QHaP2l0iH+z4rXEE6BTKIxbAWHPZxmNi7nkOUzj6Jk90A==",
      "dev": true,
      "license": "MIT"
    },
    "node_modules/@anio-software/enkore-private.spec": {
      "version": "0.337.0",
      "resolved": "https://npm-registry.anio.software/@anio-software/enkore-private.spec/-/enkore-private.spec-0.337.0.tgz",
      "integrity": "sha512-zyXlVS2VZE38m5regjWRPqj28idt2k/ESqPavKbnx7vndE87UC3UaYU7Yva7Z0mG14DRW0f1f33IA7GkEM584g==",
      "dev": true,
      "license": "MIT",
      "engines": {
        "node": ">=23.6.x"
      }
    },
    "node_modules/@anio-software/enkore-private.target-js-toolchain_types": {
      "version": "0.0.55",
      "resolved": "https://npm-registry.anio.software/@anio-software/enkore-private.target-js-toolchain_types/-/enkore-private.target-js-toolchain_types-0.0.55.tgz",
      "integrity": "sha512-zdEaNbVedMHiGd01pjkIkIcQWYDuGm7hjZXBmZqxEdopKWANxEg25zfrkUgCQC3BRsXVlIX2OTb2rr6L9IEy+g==",
      "dev": true,
      "license": "MIT",
      "engines": {
        "node": ">=23.6.x"
      }
    },
    "node_modules/@anio-software/enkore-private.target-js-utils": {
      "version": "0.0.12",
      "resolved": "https://npm-registry.anio.software/@anio-software/enkore-private.target-js-utils/-/enkore-private.target-js-utils-0.0.12.tgz",
      "integrity": "sha512-G+XHJgrVeyu0yF9xfM4ZnNqb7Rl3ldT2s9ZiXxZgdF/SswA094r7u9e1k/cbsCsNi074sgVd3+KgyLfc/qC4RQ==",
      "dev": true,
      "license": "MIT",
      "engines": {
        "node": ">=23.6.x"
      },
      "peerDependencies": {
        "@types/node": ">=22.7.x"
      }
    },
    "node_modules/@anio-software/enkore.core": {
      "version": "0.11.2",
      "resolved": "https://npm-registry.anio.software/@anio-software/enkore.core/-/enkore.core-0.11.2.tgz",
      "integrity": "sha512-7Y9zKQWUHS6u8ntmQx+E740rjXNUJ/uIPFLe+ycBnQb7oRWwJv/TM22tLntSdzEat9qqONJ58p1J85dgC80z0A==",
      "dev": true,
      "license": "MIT"
    },
    "node_modules/@anio-software/enkore.target-js-node": {
      "version": "0.0.234-canary-22850f2c-c343c317",
      "resolved": "https://npm-registry.anio.software/@anio-software/enkore.target-js-node/-/enkore.target-js-node-0.0.234-canary-22850f2c-c343c317.tgz",
      "integrity": "sha512-b56e4TiCxzBnZkTi8HMUv+CRCm/sXVn0bswNxOxiNXJFaypVYP2AmCropj3uwe1s1VixhF7mrywfT/HbCNFlhg==",
      "dev": true,
      "license": "MIT",
      "peerDependencies": {
        "@types/node": ">=22.7.x"
      }
    },
    "node_modules/@anio-software/pkg.is": {
      "version": "0.0.3",
      "resolved": "https://npm-registry.anio.software/@anio-software/pkg.is/-/pkg.is-0.0.3.tgz",
      "integrity": "sha512-ju+dqt0AGAHzE7L3cB3LAD0cUx0zN0W3q1b4cHF4mcJZe6R9U8JCTaDSr2zRGBJQq25LIeN3SGvLHZamBN5C1g==",
      "dev": true,
      "license": "MIT"
    },
    "node_modules/@anio-software/pkg.temporary-resource-factory": {
      "version": "0.0.1",
      "resolved": "https://npm-registry.anio.software/@anio-software/pkg.temporary-resource-factory/-/pkg.temporary-resource-factory-0.0.1.tgz",
      "integrity": "sha512-RoOcZxZbVdcdidO+AvBLeVs1Z8EAmECSoph7ZvkOAuASyQfZmGw92P1dt4TmWP/NnqdTMLYvvOhf3l8U+LBeiw==",
      "dev": true,
      "license": "MIT",
      "engines": {
        "node": ">=23.6.x"
      }
    },
    "node_modules/@aniojs/node-fs": {
      "version": "0.5.3",
      "resolved": "https://registry.npmjs.org/@aniojs/node-fs/-/node-fs-0.5.3.tgz",
      "integrity": "sha512-RRe6qvi1Yc3UY0ivnRFpnpH4DMLHoS0PmltfGatr6vkIeWnTbB6HKZzBuUkeL2kZxZe7vATqKH/alrcx0IZIYw==",
      "dev": true,
      "license": "MIT",
      "engines": {
        "node": ">=22.7.x"
      },
      "peerDependencies": {
        "@types/node": ">=22.7.x"
      }
    },
    "node_modules/@types/node": {
      "version": "24.0.3",
      "resolved": "https://registry.npmjs.org/@types/node/-/node-24.0.3.tgz",
      "integrity": "sha512-R4I/kzCYAdRLzfiCabn9hxWfbuHS573x+r0dJMkkzThEa7pbrcDWK+9zu3e7aBOouf+rQAciqPFMnxwr0aWgKg==",
      "dev": true,
      "license": "MIT",
      "peer": true,
      "dependencies": {
        "undici-types": "~7.8.0"
      }
    },
    "node_modules/undici-types": {
      "version": "7.8.0",
      "resolved": "https://registry.npmjs.org/undici-types/-/undici-types-7.8.0.tgz",
      "integrity": "sha512-9UJ2xGDvQ43tYyVMpuHlsgApydB8ZKfVYTsLDhXkFL/6gfkp+U8xTGdh8pMJv1SpZna0zxG1DwsKZsreLbXBxw==",
      "dev": true,
      "license": "MIT",
      "peer": true
    }
  }
}
